
Microsoft Visual Studio Solution File, Format Version 12.00
# Visual Studio Version 17
VisualStudioVersion = 17.1.32328.378
MinimumVisualStudioVersion = 10.0.40219.1
Project("{2150E333-8FDC-42A3-9474-1A3956D46DE8}") = "FinAccount.Cmd", "FinAccount.Cmd", "{5A1479C2-A2AA-4F0D-9FAB-43B5738E1CF7}"
EndProject
Project("{2150E333-8FDC-42A3-9474-1A3956D46DE8}") = "FinAccount.Query", "FinAccount.Query", "{B195774C-37F9-4B0E-BB46-35963A35A8B0}"
EndProject
Project("{9A19103F-16F7-4668-BE54-9A1E7A4F7556}") = "CQRS.Core", "..\CQRS-ES\CQRS.Core\CQRS.Core.csproj", "{6C2BCAE0-BED5-4D57-88F3-71D83085C151}"
EndProject
Project("{9A19103F-16F7-4668-BE54-9A1E7A4F7556}") = "FinAccount.Cmd.Api", "..\SM-FinAccount\FinAccount.Cmd\FinAccount.Cmd.Api\FinAccount.Cmd.Api.csproj", "{DADDE02C-9E07-4451-AB47-A5F826725F6B}"
EndProject
Project("{9A19103F-16F7-4668-BE54-9A1E7A4F7556}") = "FinAccount.Cmd.Domain", "..\SM-FinAccount\FinAccount.Cmd\FinAccount.Cmd.Domain\FinAccount.Cmd.Domain.csproj", "{CF470816-E74E-4891-B2B8-BF84DBA8A756}"
EndProject
Project("{9A19103F-16F7-4668-BE54-9A1E7A4F7556}") = "FinAccount.Cmd.Infrastructure", "..\SM-FinAccount\FinAccount.Cmd\FinAccount.Cmd.Infrastructure\FinAccount.Cmd.Infrastructure.csproj", "{4FB16A36-B180-44CF-89AB-15FC83CFD7CC}"
EndProject
Project("{9A19103F-16F7-4668-BE54-9A1E7A4F7556}") = "FinAccount.Query.Api", "..\SM-FinAccount\FinAccount.Query\FinAccount.Query.Api\FinAccount.Query.Api.csproj", "{3F7DB087-CCD0-43A9-B5AB-A3A1A88BD0E2}"
EndProject
Project("{9A19103F-16F7-4668-BE54-9A1E7A4F7556}") = "FinAccount.Query.Domain", "..\SM-FinAccount\FinAccount.Query\FinAccount.Query.Domain\FinAccount.Query.Domain.csproj", "{C8A2AD90-24E3-4C5E-89BD-B5CCBE1C37A4}"
EndProject
Project("{9A19103F-16F7-4668-BE54-9A1E7A4F7556}") = "FinAccount.Query.Infrastructure", "..\SM-FinAccount\FinAccount.Query\FinAccount.Query.Infrastructure\FinAccount.Query.Infrastructure.csproj", "{EED517A8-1B96-48ED-95E3-B0133EA7DD4B}"
EndProject
Project("{9A19103F-16F7-4668-BE54-9A1E7A4F7556}") = "FinAccount.Common", "..\SM-FinAccount\FinAccount.Common\FinAccount.Common.csproj", "{1C2BDB5D-FD60-4205-8E63-4F64892C7156}"
EndProject
Global
	GlobalSection(SolutionConfigurationPlatforms) = preSolution
		Debug|Any CPU = Debug|Any CPU
		Release|Any CPU = Release|Any CPU
	EndGlobalSection
	GlobalSection(ProjectConfigurationPlatforms) = postSolution
		{6C2BCAE0-BED5-4D57-88F3-71D83085C151}.Debug|Any CPU.ActiveCfg = Debug|Any CPU
		{6C2BCAE0-BED5-4D57-88F3-71D83085C151}.Debug|Any CPU.Build.0 = Debug|Any CPU
		{6C2BCAE0-BED5-4D57-88F3-71D83085C151}.Release|Any CPU.ActiveCfg = Release|Any CPU
		{6C2BCAE0-BED5-4D57-88F3-71D83085C151}.Release|Any CPU.Build.0 = Release|Any CPU
		{DADDE02C-9E07-4451-AB47-A5F826725F6B}.Debug|Any CPU.ActiveCfg = Debug|Any CPU
		{DADDE02C-9E07-4451-AB47-A5F826725F6B}.Debug|Any CPU.Build.0 = Debug|Any CPU
		{DADDE02C-9E07-4451-AB47-A5F826725F6B}.Release|Any CPU.ActiveCfg = Release|Any CPU
		{DADDE02C-9E07-4451-AB47-A5F826725F6B}.Release|Any CPU.Build.0 = Release|Any CPU
		{CF470816-E74E-4891-B2B8-BF84DBA8A756}.Debug|Any CPU.ActiveCfg = Debug|Any CPU
		{CF470816-E74E-4891-B2B8-BF84DBA8A756}.Debug|Any CPU.Build.0 = Debug|Any CPU
		{CF470816-E74E-4891-B2B8-BF84DBA8A756}.Release|Any CPU.ActiveCfg = Release|Any CPU
		{CF470816-E74E-4891-B2B8-BF84DBA8A756}.Release|Any CPU.Build.0 = Release|Any CPU
		{4FB16A36-B180-44CF-89AB-15FC83CFD7CC}.Debug|Any CPU.ActiveCfg = Debug|Any CPU
		{4FB16A36-B180-44CF-89AB-15FC83CFD7CC}.Debug|Any CPU.Build.0 = Debug|Any CPU
		{4FB16A36-B180-44CF-89AB-15FC83CFD7CC}.Release|Any CPU.ActiveCfg = Release|Any CPU
		{4FB16A36-B180-44CF-89AB-15FC83CFD7CC}.Release|Any CPU.Build.0 = Release|Any CPU
		{3F7DB087-CCD0-43A9-B5AB-A3A1A88BD0E2}.Debug|Any CPU.ActiveCfg = Debug|Any CPU
		{3F7DB087-CCD0-43A9-B5AB-A3A1A88BD0E2}.Debug|Any CPU.Build.0 = Debug|Any CPU
		{3F7DB087-CCD0-43A9-B5AB-A3A1A88BD0E2}.Release|Any CPU.ActiveCfg = Release|Any CPU
		{3F7DB087-CCD0-43A9-B5AB-A3A1A88BD0E2}.Release|Any CPU.Build.0 = Release|Any CPU
		{C8A2AD90-24E3-4C5E-89BD-B5CCBE1C37A4}.Debug|Any CPU.ActiveCfg = Debug|Any CPU
		{C8A2AD90-24E3-4C5E-89BD-B5CCBE1C37A4}.Debug|Any CPU.Build.0 = Debug|Any CPU
		{C8A2AD90-24E3-4C5E-89BD-B5CCBE1C37A4}.Release|Any CPU.ActiveCfg = Release|Any CPU
		{C8A2AD90-24E3-4C5E-89BD-B5CCBE1C37A4}.Release|Any CPU.Build.0 = Release|Any CPU
		{EED517A8-1B96-48ED-95E3-B0133EA7DD4B}.Debug|Any CPU.ActiveCfg = Debug|Any CPU
		{EED517A8-1B96-48ED-95E3-B0133EA7DD4B}.Debug|Any CPU.Build.0 = Debug|Any CPU
		{EED517A8-1B96-48ED-95E3-B0133EA7DD4B}.Release|Any CPU.ActiveCfg = Release|Any CPU
		{EED517A8-1B96-48ED-95E3-B0133EA7DD4B}.Release|Any CPU.Build.0 = Release|Any CPU
		{1C2BDB5D-FD60-4205-8E63-4F64892C7156}.Debug|Any CPU.ActiveCfg = Debug|Any CPU
		{1C2BDB5D-FD60-4205-8E63-4F64892C7156}.Debug|Any CPU.Build.0 = Debug|Any CPU
		{1C2BDB5D-FD60-4205-8E63-4F64892C7156}.Release|Any CPU.ActiveCfg = Release|Any CPU
		{1C2BDB5D-FD60-4205-8E63-4F64892C7156}.Release|Any CPU.Build.0 = Release|Any CPU
	EndGlobalSection
	GlobalSection(SolutionProperties) = preSolution
		HideSolutionNode = FALSE
	EndGlobalSection
	GlobalSection(NestedProjects) = preSolution
		{DADDE02C-9E07-4451-AB47-A5F826725F6B} = {5A1479C2-A2AA-4F0D-9FAB-43B5738E1CF7}
		{CF470816-E74E-4891-B2B8-BF84DBA8A756} = {5A1479C2-A2AA-4F0D-9FAB-43B5738E1CF7}
		{4FB16A36-B180-44CF-89AB-15FC83CFD7CC} = {5A1479C2-A2AA-4F0D-9FAB-43B5738E1CF7}
		{3F7DB087-CCD0-43A9-B5AB-A3A1A88BD0E2} = {B195774C-37F9-4B0E-BB46-35963A35A8B0}
		{C8A2AD90-24E3-4C5E-89BD-B5CCBE1C37A4} = {B195774C-37F9-4B0E-BB46-35963A35A8B0}
		{EED517A8-1B96-48ED-95E3-B0133EA7DD4B} = {B195774C-37F9-4B0E-BB46-35963A35A8B0}
	EndGlobalSection
	GlobalSection(ExtensibilityGlobals) = postSolution
		SolutionGuid = {04096E35-5426-4C8E-932B-1D896285254D}
	EndGlobalSection
EndGlobal
